
Microsoft Visual Studio Solution File, Format Version 12.00
# Visual Studio Version 17
VisualStudioVersion = 17.14.36212.18
MinimumVisualStudioVersion = 10.0.40219.1
Project("{FAE04EC0-301F-11D3-BF4B-00C04F79EFBC}") = "PolygonExample", "PolygonExample\PolygonExample.csproj", "{FAB9F39E-8BE3-4AF0-B7AA-5BDDB0ED80CE}"
EndProject
Project("{FAE04EC0-301F-11D3-BF4B-00C04F79EFBC}") = "FireworksExample", "FireworksExample\FireworksExample.csproj", "{3D83CDFE-E1AF-435A-A54B-794E7663A485}"
EndProject
Project("{FAE04EC0-301F-11D3-BF4B-00C04F79EFBC}") = "OrbitsExample", "OrbitsExample\OrbitsExample.csproj", "{0D6A1A7B-8199-4898-ABBE-313433DA1E1E}"
EndProject
Project("{FAE04EC0-301F-11D3-BF4B-00C04F79EFBC}") = "GradientExample", "GradientExample\GradientExample.csproj", "{0B4848F1-98F8-44EA-9418-2F59A45BDEE4}"
EndProject
Project("{FAE04EC0-301F-11D3-BF4B-00C04F79EFBC}") = "CollisionExample", "CollisionExample\CollisionExample.csproj", "{BDD7870B-6C90-4327-8048-2AE6785BB5B0}"
EndProject
Project("{2150E333-8FDC-42A3-9474-1A3956D46DE8}") = "Solution Items", "Solution Items", "{8EC462FD-D22E-90A8-E5CE-7E832BA40C5D}"
	ProjectSection(SolutionItems) = preProject
		Directory.Build.props = Directory.Build.props
	EndProjectSection
EndProject
Project("{FAE04EC0-301F-11D3-BF4B-00C04F79EFBC}") = "ClockworkRaylib", "..\..\clockwork-raylib\ClockworkRaylib\ClockworkRaylib\ClockworkRaylib.csproj", "{9324EE19-AFDD-C6D8-B551-260935BD424A}"
EndProject
Project("{FAE04EC0-301F-11D3-BF4B-00C04F79EFBC}") = "ClockworkEngine", "..\..\clockwork-engine\ClockworkEngine\ClockworkEngine\ClockworkEngine.csproj", "{588B2614-ECE8-4EB1-BB56-16366BE52817}"
EndProject
Project("{FAE04EC0-301F-11D3-BF4B-00C04F79EFBC}") = "ClockworkBackend", "..\..\clockwork-engine\ClockworkEngine\ClockworkBackend\ClockworkBackend.csproj", "{55576AEC-026C-4C18-DB8E-F9704D13FC93}"
EndProject
Project("{FAE04EC0-301F-11D3-BF4B-00C04F79EFBC}") = "Primitives3DExample", "Primitives3DExample\Primitives3DExample.csproj", "{7FE6B02F-C517-4607-87D0-0082777E9F75}"
EndProject
Global
	GlobalSection(SolutionConfigurationPlatforms) = preSolution
		Debug|Any CPU = Debug|Any CPU
		Release|Any CPU = Release|Any CPU
	EndGlobalSection
	GlobalSection(ProjectConfigurationPlatforms) = postSolution
		{FAB9F39E-8BE3-4AF0-B7AA-5BDDB0ED80CE}.Debug|Any CPU.ActiveCfg = Debug|Any CPU
		{FAB9F39E-8BE3-4AF0-B7AA-5BDDB0ED80CE}.Debug|Any CPU.Build.0 = Debug|Any CPU
		{FAB9F39E-8BE3-4AF0-B7AA-5BDDB0ED80CE}.Release|Any CPU.ActiveCfg = Release|Any CPU
		{FAB9F39E-8BE3-4AF0-B7AA-5BDDB0ED80CE}.Release|Any CPU.Build.0 = Release|Any CPU
		{3D83CDFE-E1AF-435A-A54B-794E7663A485}.Debug|Any CPU.ActiveCfg = Debug|Any CPU
		{3D83CDFE-E1AF-435A-A54B-794E7663A485}.Debug|Any CPU.Build.0 = Debug|Any CPU
		{3D83CDFE-E1AF-435A-A54B-794E7663A485}.Release|Any CPU.ActiveCfg = Release|Any CPU
		{3D83CDFE-E1AF-435A-A54B-794E7663A485}.Release|Any CPU.Build.0 = Release|Any CPU
		{0D6A1A7B-8199-4898-ABBE-313433DA1E1E}.Debug|Any CPU.ActiveCfg = Debug|Any CPU
		{0D6A1A7B-8199-4898-ABBE-313433DA1E1E}.Debug|Any CPU.Build.0 = Debug|Any CPU
		{0D6A1A7B-8199-4898-ABBE-313433DA1E1E}.Release|Any CPU.ActiveCfg = Release|Any CPU
		{0D6A1A7B-8199-4898-ABBE-313433DA1E1E}.Release|Any CPU.Build.0 = Release|Any CPU
		{0B4848F1-98F8-44EA-9418-2F59A45BDEE4}.Debug|Any CPU.ActiveCfg = Debug|Any CPU
		{0B4848F1-98F8-44EA-9418-2F59A45BDEE4}.Debug|Any CPU.Build.0 = Debug|Any CPU
		{0B4848F1-98F8-44EA-9418-2F59A45BDEE4}.Release|Any CPU.ActiveCfg = Release|Any CPU
		{0B4848F1-98F8-44EA-9418-2F59A45BDEE4}.Release|Any CPU.Build.0 = Release|Any CPU
		{BDD7870B-6C90-4327-8048-2AE6785BB5B0}.Debug|Any CPU.ActiveCfg = Debug|Any CPU
		{BDD7870B-6C90-4327-8048-2AE6785BB5B0}.Debug|Any CPU.Build.0 = Debug|Any CPU
		{BDD7870B-6C90-4327-8048-2AE6785BB5B0}.Release|Any CPU.ActiveCfg = Release|Any CPU
		{BDD7870B-6C90-4327-8048-2AE6785BB5B0}.Release|Any CPU.Build.0 = Release|Any CPU
		{9324EE19-AFDD-C6D8-B551-260935BD424A}.Debug|Any CPU.ActiveCfg = Debug|Any CPU
		{9324EE19-AFDD-C6D8-B551-260935BD424A}.Debug|Any CPU.Build.0 = Debug|Any CPU
		{9324EE19-AFDD-C6D8-B551-260935BD424A}.Release|Any CPU.ActiveCfg = Release|Any CPU
		{9324EE19-AFDD-C6D8-B551-260935BD424A}.Release|Any CPU.Build.0 = Release|Any CPU
		{588B2614-ECE8-4EB1-BB56-16366BE52817}.Debug|Any CPU.ActiveCfg = Debug|Any CPU
		{588B2614-ECE8-4EB1-BB56-16366BE52817}.Debug|Any CPU.Build.0 = Debug|Any CPU
		{588B2614-ECE8-4EB1-BB56-16366BE52817}.Release|Any CPU.ActiveCfg = Release|Any CPU
		{588B2614-ECE8-4EB1-BB56-16366BE52817}.Release|Any CPU.Build.0 = Release|Any CPU
		{55576AEC-026C-4C18-DB8E-F9704D13FC93}.Debug|Any CPU.ActiveCfg = Debug|Any CPU
		{55576AEC-026C-4C18-DB8E-F9704D13FC93}.Debug|Any CPU.Build.0 = Debug|Any CPU
		{55576AEC-026C-4C18-DB8E-F9704D13FC93}.Release|Any CPU.ActiveCfg = Release|Any CPU
		{55576AEC-026C-4C18-DB8E-F9704D13FC93}.Release|Any CPU.Build.0 = Release|Any CPU
		{7FE6B02F-C517-4607-87D0-0082777E9F75}.Debug|Any CPU.ActiveCfg = Debug|Any CPU
		{7FE6B02F-C517-4607-87D0-0082777E9F75}.Debug|Any CPU.Build.0 = Debug|Any CPU
		{7FE6B02F-C517-4607-87D0-0082777E9F75}.Release|Any CPU.ActiveCfg = Release|Any CPU
		{7FE6B02F-C517-4607-87D0-0082777E9F75}.Release|Any CPU.Build.0 = Release|Any CPU
	EndGlobalSection
	GlobalSection(SolutionProperties) = preSolution
		HideSolutionNode = FALSE
	EndGlobalSection
	GlobalSection(ExtensibilityGlobals) = postSolution
		SolutionGuid = {D0BF6BA6-C9E0-4305-9906-3AC7103C13C9}
	EndGlobalSection
EndGlobal
