
Microsoft Visual Studio Solution File, Format Version 12.00
# Visual Studio Version 17
VisualStudioVersion = 17.14.36212.18
MinimumVisualStudioVersion = 10.0.40219.1
Project("{FAE04EC0-301F-11D3-BF4B-00C04F79EFBC}") = "PolygonExample", "HarpEngineExamples\PolygonExample.csproj", "{FAB9F39E-8BE3-4AF0-B7AA-5BDDB0ED80CE}"
EndProject
Project("{FAE04EC0-301F-11D3-BF4B-00C04F79EFBC}") = "FireworksExample", "FireworksTest\FireworksExample.csproj", "{3D83CDFE-E1AF-435A-A54B-794E7663A485}"
EndProject
Project("{FAE04EC0-301F-11D3-BF4B-00C04F79EFBC}") = "OrbitsExample", "OrbitsTest\OrbitsExample.csproj", "{0D6A1A7B-8199-4898-ABBE-313433DA1E1E}"
EndProject
Global
	GlobalSection(SolutionConfigurationPlatforms) = preSolution
		Debug|Any CPU = Debug|Any CPU
		Release|Any CPU = Release|Any CPU
	EndGlobalSection
	GlobalSection(ProjectConfigurationPlatforms) = postSolution
		{FAB9F39E-8BE3-4AF0-B7AA-5BDDB0ED80CE}.Debug|Any CPU.ActiveCfg = Debug|Any CPU
		{FAB9F39E-8BE3-4AF0-B7AA-5BDDB0ED80CE}.Debug|Any CPU.Build.0 = Debug|Any CPU
		{FAB9F39E-8BE3-4AF0-B7AA-5BDDB0ED80CE}.Release|Any CPU.ActiveCfg = Release|Any CPU
		{FAB9F39E-8BE3-4AF0-B7AA-5BDDB0ED80CE}.Release|Any CPU.Build.0 = Release|Any CPU
		{3D83CDFE-E1AF-435A-A54B-794E7663A485}.Debug|Any CPU.ActiveCfg = Debug|Any CPU
		{3D83CDFE-E1AF-435A-A54B-794E7663A485}.Debug|Any CPU.Build.0 = Debug|Any CPU
		{3D83CDFE-E1AF-435A-A54B-794E7663A485}.Release|Any CPU.ActiveCfg = Release|Any CPU
		{3D83CDFE-E1AF-435A-A54B-794E7663A485}.Release|Any CPU.Build.0 = Release|Any CPU
		{0D6A1A7B-8199-4898-ABBE-313433DA1E1E}.Debug|Any CPU.ActiveCfg = Debug|Any CPU
		{0D6A1A7B-8199-4898-ABBE-313433DA1E1E}.Debug|Any CPU.Build.0 = Debug|Any CPU
		{0D6A1A7B-8199-4898-ABBE-313433DA1E1E}.Release|Any CPU.ActiveCfg = Release|Any CPU
		{0D6A1A7B-8199-4898-ABBE-313433DA1E1E}.Release|Any CPU.Build.0 = Release|Any CPU
	EndGlobalSection
	GlobalSection(SolutionProperties) = preSolution
		HideSolutionNode = FALSE
	EndGlobalSection
	GlobalSection(ExtensibilityGlobals) = postSolution
		SolutionGuid = {D0BF6BA6-C9E0-4305-9906-3AC7103C13C9}
	EndGlobalSection
EndGlobal
